schema: '2.0'
stages:
  stage_01:
    cmd: python stage_01.py
    deps:
    - path: stage_01.py
      hash: md5
      md5: ae9021673b4662def67d88eb080dcff1
      size: 85
    outs:
    - path: artifact.txt
      hash: md5
      md5: 3791106b997596735ff9566edf11c136
      size: 33
  stage_02:
    cmd: python stage_02.py
    deps:
    - path: artifact.txt
      hash: md5
      md5: 3791106b997596735ff9566edf11c136
      size: 33
    - path: stage_02.py
      hash: md5
      md5: fa14bfc573e748f30c37da9019b85132
      size: 142
  stage_03:
    cmd: python stage_03.py
    deps:
    - path: artifact.txt
      hash: md5
      md5: 43319bae9e8da731a2955399b3e3e483
      size: 54
    - path: stage_03.py
      hash: md5
      md5: dc8c1245caa56f3bec112a7ea3952e4a
      size: 203
